// !$*UTF8*$!
{
	archiveVersion = 1;
	classes = {
	};
	objectVersion = 46;
	objects = {

/* Begin PBXBuildFile section */
		B8683CE21CACD28D0020E87A /* AppDelegate.swift in Sources */ = {isa = PBXBuildFile; fileRef = B8683CE11CACD28D0020E87A /* AppDelegate.swift */; };
		B8683CE41CACD28D0020E87A /* ViewController.swift in Sources */ = {isa = PBXBuildFile; fileRef = B8683CE31CACD28D0020E87A /* ViewController.swift */; };
		B8683CE71CACD28D0020E87A /* Main.storyboard in Resources */ = {isa = PBXBuildFile; fileRef = B8683CE51CACD28D0020E87A /* Main.storyboard */; };
		B8683CE91CACD28D0020E87A /* Assets.xcassets in Resources */ = {isa = PBXBuildFile; fileRef = B8683CE81CACD28D0020E87A /* Assets.xcassets */; };
		B8683CEC1CACD28D0020E87A /* LaunchScreen.storyboard in Resources */ = {isa = PBXBuildFile; fileRef = B8683CEA1CACD28D0020E87A /* LaunchScreen.storyboard */; };
		B894749D1CB00A7C0081A07C /* Datos.swift in Sources */ = {isa = PBXBuildFile; fileRef = B894749C1CB00A7C0081A07C /* Datos.swift */; };
/* End PBXBuildFile section */

/* Begin PBXFileReference section */
		B8683CDE1CACD28D0020E87A /* Hamburguesas.app */ = {isa = PBXFileReference; explicitFileType = wrapper.application; includeInIndex = 0; path = Hamburguesas.app; sourceTree = BUILT_PRODUCTS_DIR; };
		B8683CE11CACD28D0020E87A /* AppDelegate.swift */ = {isa = PBXFileReference; lastKnownFileType = sourcecode.swift; path = AppDelegate.swift; sourceTree = "<group>"; };
		B8683CE31CACD28D0020E87A /* ViewController.swift */ = {isa = PBXFileReference; lastKnownFileType = sourcecode.swift; path = ViewController.swift; sourceTree = "<group>"; };
		B8683CE61CACD28D0020E87A /* Base */ = {isa = PBXFileReference; lastKnownFileType = file.storyboard; name = Base; path = Base.lproj/Main.storyboard; sourceTree = "<group>"; };
		B8683CE81CACD28D0020E87A /* Assets.xcassets */ = {isa = PBXFileReference; lastKnownFileType = folder.assetcatalog; path = Assets.xcassets; sourceTree = "<group>"; };
		B8683CEB1CACD28D0020E87A /* Base */ = {isa = PBXFileReference; lastKnownFileType = file.storyboard; name = Base; path = Base.lproj/LaunchScreen.storyboard; sourceTree = "<group>"; };
		B8683CED1CACD28D0020E87A /* Info.plist */ = {isa = PBXFileReference; lastKnownFileType = text.plist.xml; path = Info.plist; sourceTree = "<group>"; };
		B894749C1CB00A7C0081A07C /* Datos.swift */ = {isa = PBXFileReference; fileEncoding = 4; lastKnownFileType = sourcecode.swift; path = Datos.swift; sourceTree = "<group>"; };
/* End PBXFileReference section */

/* Begin PBXFrameworksBuildPhase section */
		B8683CDB1CACD28D0020E87A /* Frameworks */ = {
			isa = PBXFrameworksBuildPhase;
			buildActionMask = 2147483647;
			files = (
			);
			runOnlyForDeploymentPostprocessing = 0;
		};
/* End PBXFrameworksBuildPhase section */

/* Begin PBXGroup section */
		B8683CD51CACD28D0020E87A = {
			isa = PBXGroup;
			children = (
				B8683CE01CACD28D0020E87A /* Hamburguesas */,
				B8683CDF1CACD28D0020E87A /* Products */,
			);
			sourceTree = "<group>";
		};
		B8683CDF1CACD28D0020E87A /* Products */ = {
			isa = PBXGroup;
			children = (
				B8683CDE1CACD28D0020E87A /* Hamburguesas.app */,
			);
			name = Products;
			sourceTree = "<group>";
		};
		B8683CE01CACD28D0020E87A /* Hamburguesas */ = {
			isa = PBXGroup;
			children = (
				B894749C1CB00A7C0081A07C /* Datos.swift */,
				B8683CE11CACD28D0020E87A /* AppDelegate.swift */,
				B8683CE31CACD28D0020E87A /* ViewController.swift */,
				B8683CE51CACD28D0020E87A /* Main.storyboard */,
				B8683CE81CACD28D0020E87A /* Assets.xcassets */,
				B8683CEA1CACD28D0020E87A /* LaunchScreen.storyboard */,
				B8683CED1CACD28D0020E87A /* Info.plist */,
			);
			path = Hamburguesas;
			sourceTree = "<group>";
		};
/* End PBXGroup section */

/* Begin PBXNativeTarget section */
		B8683CDD1CACD28D0020E87A /* Hamburguesas */ = {
			isa = PBXNativeTarget;
			buildConfigurationList = B8683CF01CACD28D0020E87A /* Build configuration list for PBXNativeTarget "Hamburguesas" */;
			buildPhases = (
				B8683CDA1CACD28D0020E87A /* Sources */,
				B8683CDB1CACD28D0020E87A /* Frameworks */,
				B8683CDC1CACD28D0020E87A /* Resources */,
			);
			buildRules = (
			);
			dependencies = (
			);
			name = Hamburguesas;
			productName = Hamburguesas;
			productReference = B8683CDE1CACD28D0020E87A /* Hamburguesas.app */;
			productType = "com.apple.product-type.application";
		};
/* End PBXNativeTarget section */

/* Begin PBXProject section */
		B8683CD61CACD28D0020E87A /* Project object */ = {
			isa = PBXProject;
			attributes = {
				LastSwiftUpdateCheck = 0720;
				LastUpgradeCheck = 0720;
				ORGANIZATIONNAME = people.art;
				TargetAttributes = {
					B8683CDD1CACD28D0020E87A = {
						CreatedOnToolsVersion = 7.2;
					};
				};
			};
			buildConfigurationList = B8683CD91CACD28D0020E87A /* Build configuration list for PBXProject "Hamburguesas" */;
			compatibilityVersion = "Xcode 3.2";
			developmentRegion = English;
			hasScannedForEncodings = 0;
			knownRegions = (
				en,
				Base,
			);
			mainGroup = B8683CD51CACD28D0020E87A;
			productRefGroup = B8683CDF1CACD28D0020E87A /* Products */;
			projectDirPath = "";
			projectRoot = "";
			targets = (
				B8683CDD1CACD28D0020E87A /* Hamburguesas */,
			);
		};
/* End PBXProject section */

/* Begin PBXResourcesBuildPhase section */
		B8683CDC1CACD28D0020E87A /* Resources */ = {
			isa = PBXResourcesBuildPhase;
			buildActionMask = 2147483647;
			files = (
				B8683CEC1CACD28D0020E87A /* LaunchScreen.storyboard in Resources */,
				B8683CE91CACD28D0020E87A /* Assets.xcassets in Resources */,
				B8683CE71CACD28D0020E87A /* Main.storyboard in Resources */,
			);
			runOnlyForDeploymentPostprocessing = 0;
		};
/* End PBXResourcesBuildPhase section */

/* Begin PBXSourcesBuildPhase section */
		B8683CDA1CACD28D0020E87A /* Sources */ = {
			isa = PBXSourcesBuildPhase;
			buildActionMask = 2147483647;
			files = (
				B8683CE41CACD28D0020E87A /* ViewController.swift in Sources */,
				B8683CE21CACD28D0020E87A /* AppDelegate.swift in Sources */,
				B894749D1CB00A7C0081A07C /* Datos.swift in Sources */,
			);
			runOnlyForDeploymentPostprocessing = 0;
		};
/* End PBXSourcesBuildPhase section */

/* Begin PBXVariantGroup section */
		B8683CE51CACD28D0020E87A /* Main.storyboard */ = {
			isa = PBXVariantGroup;
			children = (
				B8683CE61CACD28D0020E87A /* Base */,
			);
			name = Main.storyboard;
			sourceTree = "<group>";
		};
		B8683CEA1CACD28D0020E87A /* LaunchScreen.storyboard */ = {
			isa = PBXVariantGroup;
			children = (
				B8683CEB1CACD28D0020E87A /* Base */,
			);
			name = LaunchScreen.storyboard;
			sourceTree = "<group>";
		};
/* End PBXVariantGroup section */

/* Begin XCBuildConfiguration section */
		B8683CEE1CACD28D0020E87A /* Debug */ = {
			isa = XCBuildConfiguration;
			buildSettings = {
				ALWAYS_SEARCH_USER_PATHS = NO;
				CLANG_CXX_LANGUAGE_STANDARD = "gnu++0x";
				CLANG_CXX_LIBRARY = "libc++";
				CLANG_ENABLE_MODULES = YES;
				CLANG_ENABLE_OBJC_ARC = YES;
				CLANG_WARN_BOOL_CONVERSION = YES;
				CLANG_WARN_CONSTANT_CONVERSION = YES;
				CLANG_WARN_DIRECT_OBJC_ISA_USAGE = YES_ERROR;
				CLANG_WARN_EMPTY_BODY = YES;
				CLANG_WARN_ENUM_CONVERSION = YES;
				CLANG_WARN_INT_CONVERSION = YES;
				CLANG_WARN_OBJC_ROOT_CLASS = YES_ERROR;
				CLANG_WARN_UNREACHABLE_CODE = YES;
				CLANG_WARN__DUPLICATE_METHOD_MATCH = YES;
				"CODE_SIGN_IDENTITY[sdk=iphoneos*]" = "iPhone Developer";
				COPY_PHASE_STRIP = NO;
				DEBUG_INFORMATION_FORMAT = dwarf;
				ENABLE_STRICT_OBJC_MSGSEND = YES;
				ENABLE_TESTABILITY = YES;
				GCC_C_LANGUAGE_STANDARD = gnu99;
				GCC_DYNAMIC_NO_PIC = NO;
				GCC_NO_COMMON_BLOCKS = YES;
				GCC_OPTIMIZATION_LEVEL = 0;
				GCC_PREPROCESSOR_DEFINITIONS = (
					"DEBUG=1",
					"$(inherited)",
				);
				GCC_WARN_64_TO_32_BIT_CONVERSION = YES;
				GCC_WARN_ABOUT_RETURN_TYPE = YES_ERROR;
				GCC_WARN_UNDECLARED_SELECTOR = YES;
				GCC_WARN_UNINITIALIZED_AUTOS = YES_AGGRESSIVE;
				GCC_WARN_UNUSED_FUNCTION = YES;
				GCC_WARN_UNUSED_VARIABLE = YES;
				IPHONEOS_DEPLOYMENT_TARGET = 9.2;
				MTL_ENABLE_DEBUG_INFO = YES;
				ONLY_ACTIVE_ARCH = YES;
				SDKROOT = iphoneos;
				SWIFT_OPTIMIZATION_LEVEL = "-Onone";
			};
			name = Debug;
		};
		B8683CEF1CACD28D0020E87A /* Release */ = {
			isa = XCBuildConfiguration;
			buildSettings = {
				ALWAYS_SEARCH_USER_PATHS = NO;
				CLANG_CXX_LANGUAGE_STANDARD = "gnu++0x";
				CLANG_CXX_LIBRARY = "libc++";
				CLANG_ENABLE_MODULES = YES;
				CLANG_ENABLE_OBJC_ARC = YES;
				CLANG_WARN_BOOL_CONVERSION = YES;
				CLANG_WARN_CONSTANT_CONVERSION = YES;
				CLANG_WARN_DIRECT_OBJC_ISA_USAGE = YES_ERROR;
				CLANG_WARN_EMPTY_BODY = YES;
				CLANG_WARN_ENUM_CONVERSION = YES;
				CLANG_WARN_INT_CONVERSION = YES;
				CLANG_WARN_OBJC_ROOT_CLASS = YES_ERROR;
				CLANG_WARN_UNREACHABLE_CODE = YES;
				CLANG_WARN__DUPLICATE_METHOD_MATCH = YES;
				"CODE_SIGN_IDENTITY[sdk=iphoneos*]" = "iPhone Developer";
				COPY_PHASE_STRIP = NO;
				DEBUG_INFORMATION_FORMAT = "dwarf-with-dsym";
				ENABLE_NS_ASSERTIONS = NO;
				ENABLE_STRICT_OBJC_MSGSEND = YES;
				GCC_C_LANGUAGE_STANDARD = gnu99;
				GCC_NO_COMMON_BLOCKS = YES;
				GCC_WARN_64_TO_32_BIT_CONVERSION = YES;
				GCC_WARN_ABOUT_RETURN_TYPE = YES_ERROR;
				GCC_WARN_UNDECLARED_SELECTOR = YES;
				GCC_WARN_UNINITIALIZED_AUTOS = YES_AGGRESSIVE;
				GCC_WARN_UNUSED_FUNCTION = YES;
				GCC_WARN_UNUSED_VARIABLE = YES;
				IPHONEOS_DEPLOYMENT_TARGET = 9.2;
				MTL_ENABLE_DEBUG_INFO = NO;
				SDKROOT = iphoneos;
				VALIDATE_PRODUCT = YES;
			};
			name = Release;
		};
		B8683CF11CACD28D0020E87A /* Debug */ = {
			isa = XCBuildConfiguration;
			buildSettings = {
				ASSETCATALOG_COMPILER_APPICON_NAME = AppIcon;
				INFOPLIST_FILE = Hamburguesas/Info.plist;
				LD_RUNPATH_SEARCH_PATHS = "$(inherited) @executable_path/Frameworks";
				PRODUCT_BUNDLE_IDENTIFIER = org.tra.Hamburguesas;
				PRODUCT_NAME = "$(TARGET_NAME)";
			};
			name = Debug;
		};
		B8683CF21CACD28D0020E87A /* Release */ = {
			isa = XCBuildConfiguration;
			buildSettings = {
				ASSETCATALOG_COMPILER_APPICON_NAME = AppIcon;
				INFOPLIST_FILE = Hamburguesas/Info.plist;
				LD_RUNPATH_SEARCH_PATHS = "$(inherited) @executable_path/Frameworks";
				PRODUCT_BUNDLE_IDENTIFIER = org.tra.Hamburguesas;
				PRODUCT_NAME = "$(TARGET_NAME)";
			};
			name = Release;
		};
/* End XCBuildConfiguration section */

/* Begin XCConfigurationList section */
		B8683CD91CACD28D0020E87A /* Build configuration list for PBXProject "Hamburguesas" */ = {
			isa = XCConfigurationList;
			buildConfigurations = (
				B8683CEE1CACD28D0020E87A /* Debug */,
				B8683CEF1CACD28D0020E87A /* Release */,
			);
			defaultConfigurationIsVisible = 0;
			defaultConfigurationName = Release;
		};
		B8683CF01CACD28D0020E87A /* Build configuration list for PBXNativeTarget "Hamburguesas" */ = {
			isa = XCConfigurationList;
			buildConfigurations = (
				B8683CF11CACD28D0020E87A /* Debug */,
				B8683CF21CACD28D0020E87A /* Release */,
			);
			defaultConfigurationIsVisible = 0;
			defaultConfigurationName = Release;
		};
/* End XCConfigurationList section */
	};
	rootObject = B8683CD61CACD28D0020E87A /* Project object */;
}
